
Microsoft Visual Studio Solution File, Format Version 12.00
# Visual Studio Version 16
VisualStudioVersion = 16.0.31410.357
MinimumVisualStudioVersion = 10.0.40219.1
Project("{FAE04EC0-301F-11D3-BF4B-00C04F79EFBC}") = "Gerstor_De Particiones_De_Memoria", "Gerstor_De Particiones_De_Memoria\Gerstor_De Particiones_De_Memoria.csproj", "{919490DE-D449-470B-9984-B4AB553A71FC}"
EndProject
Global
	GlobalSection(SolutionConfigurationPlatforms) = preSolution
		Debug|Any CPU = Debug|Any CPU
		Release|Any CPU = Release|Any CPU
	EndGlobalSection
	GlobalSection(ProjectConfigurationPlatforms) = postSolution
		{919490DE-D449-470B-9984-B4AB553A71FC}.Debug|Any CPU.ActiveCfg = Debug|Any CPU
		{919490DE-D449-470B-9984-B4AB553A71FC}.Debug|Any CPU.Build.0 = Debug|Any CPU
		{919490DE-D449-470B-9984-B4AB553A71FC}.Release|Any CPU.ActiveCfg = Release|Any CPU
		{919490DE-D449-470B-9984-B4AB553A71FC}.Release|Any CPU.Build.0 = Release|Any CPU
	EndGlobalSection
	GlobalSection(SolutionProperties) = preSolution
		HideSolutionNode = FALSE
	EndGlobalSection
	GlobalSection(ExtensibilityGlobals) = postSolution
		SolutionGuid = {CA4BB600-62F8-43AD-B0E1-0EE0C5512A85}
	EndGlobalSection
EndGlobal
